
Microsoft Visual Studio Solution File, Format Version 12.00
# Visual Studio Version 17
VisualStudioVersion = 17.4.33213.308
MinimumVisualStudioVersion = 10.0.40219.1
Project("{9A19103F-16F7-4668-BE54-9A1E7A4F7556}") = "RetrospectiveAPI", "RetrospectiveAPI\RetrospectiveAPI.csproj", "{BF25B80D-FBE7-489D-B537-C17B4ECBB3E6}"
EndProject
Project("{FAE04EC0-301F-11D3-BF4B-00C04F79EFBC}") = "Tests", "Tests\Tests.csproj", "{EEFD3198-E0CD-482D-92D0-4637FD11C521}"
EndProject
Global
	GlobalSection(SolutionConfigurationPlatforms) = preSolution
		Debug|Any CPU = Debug|Any CPU
		Release|Any CPU = Release|Any CPU
	EndGlobalSection
	GlobalSection(ProjectConfigurationPlatforms) = postSolution
		{BF25B80D-FBE7-489D-B537-C17B4ECBB3E6}.Debug|Any CPU.ActiveCfg = Debug|Any CPU
		{BF25B80D-FBE7-489D-B537-C17B4ECBB3E6}.Debug|Any CPU.Build.0 = Debug|Any CPU
		{BF25B80D-FBE7-489D-B537-C17B4ECBB3E6}.Release|Any CPU.ActiveCfg = Release|Any CPU
		{BF25B80D-FBE7-489D-B537-C17B4ECBB3E6}.Release|Any CPU.Build.0 = Release|Any CPU
		{EEFD3198-E0CD-482D-92D0-4637FD11C521}.Debug|Any CPU.ActiveCfg = Debug|Any CPU
		{EEFD3198-E0CD-482D-92D0-4637FD11C521}.Debug|Any CPU.Build.0 = Debug|Any CPU
		{EEFD3198-E0CD-482D-92D0-4637FD11C521}.Release|Any CPU.ActiveCfg = Release|Any CPU
		{EEFD3198-E0CD-482D-92D0-4637FD11C521}.Release|Any CPU.Build.0 = Release|Any CPU
	EndGlobalSection
	GlobalSection(SolutionProperties) = preSolution
		HideSolutionNode = FALSE
	EndGlobalSection
	GlobalSection(ExtensibilityGlobals) = postSolution
		SolutionGuid = {D687B4EB-3DB6-40EB-B9D7-5A01F9865BB8}
	EndGlobalSection
EndGlobal
